{
  "version": 4,
  "terraform_version": "1.8.0",
  "serial": 1122,
  "lineage": "d48ccabc-4220-df31-89c7-b939508e4c8b",
  "outputs": {
    "ec2-info": {
      "value": [
        {
          "ip_address": "3.8.141.240",
          "public_dns": "ec2-3-8-141-240.eu-west-2.compute.amazonaws.com"
        },
        {
          "ip_address": "18.134.208.207",
          "public_dns": "ec2-18-134-208-207.eu-west-2.compute.amazonaws.com"
        }
      ],
      "type": [
        "tuple",
        [
          [
            "object",
            {
              "ip_address": "string",
              "public_dns": "string"
            }
          ],
          [
            "object",
            {
              "ip_address": "string",
              "public_dns": "string"
            }
          ]
        ]
      ]
    },
    "rds-endpoint": {
      "value": "mysql-db.cp4c0g6mwwni.eu-west-2.rds.amazonaws.com:3306",
      "type": "string"
    }
  },
  "resources": [
    {
      "mode": "data",
      "type": "aws_secretsmanager_secret",
      "name": "mysql_credentials",
      "provider": "provider[\"registry.terraform.io/hashicorp/aws\"]",
      "instances": [
        {
          "schema_version": 0,
          "attributes": {
            "arn": "arn:aws:secretsmanager:eu-west-2:209959285864:secret:mysql-access-IqimWS",
            "created_date": "2024-04-22T11:57:15Z",
            "description": "Mysql - RDS access data",
            "id": "arn:aws:secretsmanager:eu-west-2:209959285864:secret:mysql-access-IqimWS",
            "kms_key_id": "",
            "last_changed_date": "2024-04-22T11:57:16Z",
            "name": "mysql-access",
            "policy": "",
            "tags": {
              "gitea-secret": ""
            }
          },
          "sensitive_attributes": []
        }
      ]
    },
    {
      "mode": "data",
      "type": "aws_secretsmanager_secret_version",
      "name": "secret-version",
      "provider": "provider[\"registry.terraform.io/hashicorp/aws\"]",
      "instances": [
        {
          "schema_version": 0,
          "attributes": {
            "arn": "arn:aws:secretsmanager:eu-west-2:209959285864:secret:mysql-access-IqimWS",
            "created_date": "2024-04-22T11:57:16Z",
            "id": "arn:aws:secretsmanager:eu-west-2:209959285864:secret:mysql-access-IqimWS|AWSCURRENT",
            "secret_binary": "",
            "secret_id": "arn:aws:secretsmanager:eu-west-2:209959285864:secret:mysql-access-IqimWS",
            "secret_string": "{\"username\":\"gitea\",\"password\":\"giteaadmin\",\"database_name\":\"gitea_db\"}",
            "version_id": "ebd2d14e-2c27-438d-ba5b-0b4dbceffaef",
            "version_stage": "AWSCURRENT",
            "version_stages": [
              "AWSCURRENT"
            ]
          },
          "sensitive_attributes": [
            [
              {
                "type": "get_attr",
                "value": "secret_binary"
              }
            ],
            [
              {
                "type": "get_attr",
                "value": "secret_string"
              }
            ]
          ]
        }
      ]
    },
    {
      "module": "module.ec2",
      "mode": "managed",
      "type": "aws_instance",
      "name": "ec2_instances",
      "provider": "provider[\"registry.terraform.io/hashicorp/aws\"]",
      "instances": [
        {
          "index_key": 0,
          "schema_version": 1,
          "attributes": {
            "ami": "ami-0b9932f4918a00c4f",
            "arn": "arn:aws:ec2:eu-west-2:209959285864:instance/i-08a8df90cf3f3c472",
            "associate_public_ip_address": true,
            "availability_zone": "eu-west-2a",
            "capacity_reservation_specification": [
              {
                "capacity_reservation_preference": "open",
                "capacity_reservation_target": []
              }
            ],
            "cpu_core_count": 1,
            "cpu_options": [
              {
                "amd_sev_snp": "",
                "core_count": 1,
                "threads_per_core": 1
              }
            ],
            "cpu_threads_per_core": 1,
            "credit_specification": [
              {
                "cpu_credits": "standard"
              }
            ],
            "disable_api_stop": false,
            "disable_api_termination": false,
            "ebs_block_device": [],
            "ebs_optimized": false,
            "enclave_options": [
              {
                "enabled": false
              }
            ],
            "ephemeral_block_device": [],
            "get_password_data": false,
            "hibernation": false,
            "host_id": "",
            "host_resource_group_arn": null,
            "iam_instance_profile": "",
            "id": "i-08a8df90cf3f3c472",
            "instance_initiated_shutdown_behavior": "stop",
            "instance_lifecycle": "",
            "instance_market_options": [],
            "instance_state": "running",
            "instance_type": "t2.micro",
            "ipv6_address_count": 0,
            "ipv6_addresses": [],
            "key_name": "ansible-ssh-key",
            "launch_template": [],
            "maintenance_options": [
              {
                "auto_recovery": "default"
              }
            ],
            "metadata_options": [
              {
                "http_endpoint": "enabled",
                "http_protocol_ipv6": "disabled",
                "http_put_response_hop_limit": 1,
                "http_tokens": "optional",
                "instance_metadata_tags": "disabled"
              }
            ],
            "monitoring": false,
            "network_interface": [],
            "outpost_arn": "",
            "password_data": "",
            "placement_group": "",
            "placement_partition_number": 0,
            "primary_network_interface_id": "eni-0f75315425edc720f",
            "private_dns": "ip-10-0-1-73.eu-west-2.compute.internal",
            "private_dns_name_options": [
              {
                "enable_resource_name_dns_a_record": false,
                "enable_resource_name_dns_aaaa_record": false,
                "hostname_type": "ip-name"
              }
            ],
            "private_ip": "10.0.1.73",
            "public_dns": "ec2-3-8-141-240.eu-west-2.compute.amazonaws.com",
            "public_ip": "3.8.141.240",
            "root_block_device": [
              {
                "delete_on_termination": true,
                "device_name": "/dev/sda1",
                "encrypted": false,
                "iops": 100,
                "kms_key_id": "",
                "tags": {},
                "tags_all": {},
                "throughput": 0,
                "volume_id": "vol-0a8948cb4e109c8b2",
                "volume_size": 8,
                "volume_type": "gp2"
              }
            ],
            "secondary_private_ips": [],
            "security_groups": [],
            "source_dest_check": true,
            "spot_instance_request_id": "",
            "subnet_id": "subnet-08b495b03ddf8d706",
            "tags": {
              "Name": "tf-ansible-1"
            },
            "tags_all": {
              "Name": "tf-ansible-1"
            },
            "tenancy": "default",
            "timeouts": null,
            "user_data": null,
            "user_data_base64": null,
            "user_data_replace_on_change": false,
            "volume_tags": null,
            "vpc_security_group_ids": [
              "sg-073a9002c96328952",
              "sg-0abfbc7ee3fb176f1"
            ]
          },
          "sensitive_attributes": [],
          "private": "eyJlMmJmYjczMC1lY2FhLTExZTYtOGY4OC0zNDM2M2JjN2M0YzAiOnsiY3JlYXRlIjo2MDAwMDAwMDAwMDAsImRlbGV0ZSI6MTIwMDAwMDAwMDAwMCwicmVhZCI6OTAwMDAwMDAwMDAwLCJ1cGRhdGUiOjYwMDAwMDAwMDAwMH0sInNjaGVtYV92ZXJzaW9uIjoiMSJ9",
          "dependencies": [
            "module.ec2.aws_key_pair.aws_key",
            "module.ec2.tls_private_key.key",
            "module.sg.aws_security_group.allow_ssh",
            "module.sg.aws_security_group.ec2_sg",
            "module.vpc.aws_subnet.public_subnet_a",
            "module.vpc.aws_subnet.public_subnet_b",
            "module.vpc.aws_vpc.vpc"
          ]
        },
        {
          "index_key": 1,
          "schema_version": 1,
          "attributes": {
            "ami": "ami-0b9932f4918a00c4f",
            "arn": "arn:aws:ec2:eu-west-2:209959285864:instance/i-0b6624f0247482960",
            "associate_public_ip_address": true,
            "availability_zone": "eu-west-2b",
            "capacity_reservation_specification": [
              {
                "capacity_reservation_preference": "open",
                "capacity_reservation_target": []
              }
            ],
            "cpu_core_count": 1,
            "cpu_options": [
              {
                "amd_sev_snp": "",
                "core_count": 1,
                "threads_per_core": 1
              }
            ],
            "cpu_threads_per_core": 1,
            "credit_specification": [
              {
                "cpu_credits": "standard"
              }
            ],
            "disable_api_stop": false,
            "disable_api_termination": false,
            "ebs_block_device": [],
            "ebs_optimized": false,
            "enclave_options": [
              {
                "enabled": false
              }
            ],
            "ephemeral_block_device": [],
            "get_password_data": false,
            "hibernation": false,
            "host_id": "",
            "host_resource_group_arn": null,
            "iam_instance_profile": "",
            "id": "i-0b6624f0247482960",
            "instance_initiated_shutdown_behavior": "stop",
            "instance_lifecycle": "",
            "instance_market_options": [],
            "instance_state": "running",
            "instance_type": "t2.micro",
            "ipv6_address_count": 0,
            "ipv6_addresses": [],
            "key_name": "ansible-ssh-key",
            "launch_template": [],
            "maintenance_options": [
              {
                "auto_recovery": "default"
              }
            ],
            "metadata_options": [
              {
                "http_endpoint": "enabled",
                "http_protocol_ipv6": "disabled",
                "http_put_response_hop_limit": 1,
                "http_tokens": "optional",
                "instance_metadata_tags": "disabled"
              }
            ],
            "monitoring": false,
            "network_interface": [],
            "outpost_arn": "",
            "password_data": "",
            "placement_group": "",
            "placement_partition_number": 0,
            "primary_network_interface_id": "eni-07fdd175f702bace3",
            "private_dns": "ip-10-0-2-118.eu-west-2.compute.internal",
            "private_dns_name_options": [
              {
                "enable_resource_name_dns_a_record": false,
                "enable_resource_name_dns_aaaa_record": false,
                "hostname_type": "ip-name"
              }
            ],
            "private_ip": "10.0.2.118",
            "public_dns": "ec2-18-134-208-207.eu-west-2.compute.amazonaws.com",
            "public_ip": "18.134.208.207",
            "root_block_device": [
              {
                "delete_on_termination": true,
                "device_name": "/dev/sda1",
                "encrypted": false,
                "iops": 100,
                "kms_key_id": "",
                "tags": {},
                "tags_all": {},
                "throughput": 0,
                "volume_id": "vol-05a82c140917ad800",
                "volume_size": 8,
                "volume_type": "gp2"
              }
            ],
            "secondary_private_ips": [],
            "security_groups": [],
            "source_dest_check": true,
            "spot_instance_request_id": "",
            "subnet_id": "subnet-0e47fc47b20bbe96f",
            "tags": {
              "Name": "tf-ansible-2"
            },
            "tags_all": {
              "Name": "tf-ansible-2"
            },
            "tenancy": "default",
            "timeouts": null,
            "user_data": null,
            "user_data_base64": null,
            "user_data_replace_on_change": false,
            "volume_tags": null,
            "vpc_security_group_ids": [
              "sg-073a9002c96328952",
              "sg-0abfbc7ee3fb176f1"
            ]
          },
          "sensitive_attributes": [],
          "private": "eyJlMmJmYjczMC1lY2FhLTExZTYtOGY4OC0zNDM2M2JjN2M0YzAiOnsiY3JlYXRlIjo2MDAwMDAwMDAwMDAsImRlbGV0ZSI6MTIwMDAwMDAwMDAwMCwicmVhZCI6OTAwMDAwMDAwMDAwLCJ1cGRhdGUiOjYwMDAwMDAwMDAwMH0sInNjaGVtYV92ZXJzaW9uIjoiMSJ9",
          "dependencies": [
            "module.ec2.aws_key_pair.aws_key",
            "module.ec2.tls_private_key.key",
            "module.sg.aws_security_group.allow_ssh",
            "module.sg.aws_security_group.ec2_sg",
            "module.vpc.aws_subnet.public_subnet_a",
            "module.vpc.aws_subnet.public_subnet_b",
            "module.vpc.aws_vpc.vpc"
          ]
        }
      ]
    },
    {
      "module": "module.ec2",
      "mode": "managed",
      "type": "aws_key_pair",
      "name": "aws_key",
      "provider": "provider[\"registry.terraform.io/hashicorp/aws\"]",
      "instances": [
        {
          "schema_version": 1,
          "attributes": {
            "arn": "arn:aws:ec2:eu-west-2:209959285864:key-pair/ansible-ssh-key",
            "fingerprint": "2c:5a:1d:bb:9b:94:cb:ad:69:b8:66:00:93:78:2a:b8",
            "id": "ansible-ssh-key",
            "key_name": "ansible-ssh-key",
            "key_name_prefix": "",
            "key_pair_id": "key-04349565b5cbd5721",
            "key_type": "rsa",
            "public_key": "ssh-rsa AAAAB3NzaC1yc2EAAAADAQABAAABAQC0BpYGmZkdq4qyroJDtLtlvLnMhtPyurKkBN3JkQJX3wL8HuHgNGUaEpHZ0bI4naLUTE86MOyOLljYaksgl3bY4pZ1BSlNrW0Cp8uIu+jzj61ymOqtWx/v1FdRrwBktbmJb/xEX1ChskrbRw49oYPNxjZJuVXrW7YdgFxODzJOGLx9joPjNVstvcfB+ZxDpG0m2jjHfLr5lp4a6lUDMu+WC12xX6jx24J3IzkuVVQwn9wnDxkkfZ5mEmvxVwPX8GbsvfoRNux6uol/pEyy33b1I6FUe2kC3zFy5+VDQflh5VzeKqZELIM70PO4mB470ms4UbKGIZf01FVRFAeunysx",
            "tags": null,
            "tags_all": {}
          },
          "sensitive_attributes": [],
          "private": "eyJzY2hlbWFfdmVyc2lvbiI6IjEifQ==",
          "dependencies": [
            "module.ec2.tls_private_key.key"
          ]
        }
      ]
    },
    {
      "module": "module.ec2",
      "mode": "managed",
      "type": "local_file",
      "name": "ansible_inventory",
      "provider": "provider[\"registry.terraform.io/hashicorp/local\"]",
      "instances": [
        {
          "schema_version": 0,
          "attributes": {
            "content": "[aws_ec2]\r\n3.8.141.240\r\n18.134.208.207\r\n\r\n[aws_ec2:vars]\r\nansible_ssh_user=ubuntu\r\nansible_ssh_private_key_file=/home/sofiia/test/Ansible-terraform-aws/terraform/ansible/.ssh/ansible-ssh-key.pem\r\nansible_ssh_common_args='-o StrictHostKeyChecking=no'\r\n",
            "content_base64": null,
            "content_base64sha256": "yIPZu2sYZFGIIxXlXHcV89JRn54leMg395SmMQtmVO4=",
            "content_base64sha512": "VLUJlQRcogXUWma24jO2pxvPPwcHcb4UIGr49CzkpEEGhb93zhYVAAD7z5s82cqItJh4WB3VjzLX+73M6MXrGA==",
            "content_md5": "5edba353e44979bb918e53e35821ad3d",
            "content_sha1": "db4f668d0c4ac00d78ce68a1d0b63317daeb05ad",
            "content_sha256": "c883d9bb6b186451882315e55c7715f3d2519f9e2578c837f794a6310b6654ee",
            "content_sha512": "54b50995045ca205d45a66b6e233b6a71bcf3f070771be14206af8f42ce4a4410685bf77ce16150000fbcf9b3cd9ca88b49878581dd58f32d7fbbdcce8c5eb18",
            "directory_permission": "0777",
            "file_permission": "0777",
            "filename": "/home/sofiia/test/Ansible-terraform-aws/terraform/inventory.ini",
            "id": "db4f668d0c4ac00d78ce68a1d0b63317daeb05ad",
            "sensitive_content": null,
            "source": null
          },
          "sensitive_attributes": [
            [
              {
                "type": "get_attr",
                "value": "sensitive_content"
              }
            ]
          ],
          "dependencies": [
            "module.ec2.aws_instance.ec2_instances",
            "module.ec2.aws_key_pair.aws_key",
            "module.ec2.local_sensitive_file.private_key",
            "module.ec2.tls_private_key.key",
            "module.sg.aws_security_group.allow_ssh",
            "module.sg.aws_security_group.ec2_sg",
            "module.vpc.aws_subnet.public_subnet_a",
            "module.vpc.aws_subnet.public_subnet_b",
            "module.vpc.aws_vpc.vpc"
          ]
        }
      ]
    },
    {
      "module": "module.ec2",
      "mode": "managed",
      "type": "local_sensitive_file",
      "name": "private_key",
      "provider": "provider[\"registry.terraform.io/hashicorp/local\"]",
      "instances": [
        {
          "schema_version": 0,
          "attributes": {
            "content": "-----BEGIN RSA PRIVATE KEY-----\nMIIEowIBAAKCAQEAtAaWBpmZHauKsq6CQ7S7Zby5zIbT8rqypATdyZECV98C/B7h\n4DRlGhKR2dGyOJ2i1ExPOjDsji5Y2GpLIJd22OKWdQUpTa1tAqfLiLvo84+tcpjq\nrVsf79RXUa8AZLW5iW/8RF9QobJK20cOPaGDzcY2SblV61u2HYBcTg8yThi8fY6D\n4zVbLb3HwfmcQ6RtJto4x3y6+ZaeGupVAzLvlgtdsV+o8duCdyM5LlVUMJ/cJw8Z\nJH2eZhJr8VcD1/Bm7L36ETbserqJf6RMst929SOhVHtpAt8xcuflQ0H5YeVc3iqm\nRCyDO9DzuJgeO9JrOFGyhiGX9NRVURQHrp8rMQIDAQABAoIBAAYXBvI4NfbL+8gp\noRx7O6+oX7ysfvUCHdLwmzQbZLHmSGqQ/OEhxJ3KLQbqUhYaNwzpe/CjAQ2aQcUo\na1wx44JYv/A7eXc4O6zQUlFQ0gOTQ7HRvHaa04zAaSfJPMEraJheonEJrGeb6W5b\ni/7HvPa0EtgRnfd1Rcbftb+qQfBkVUKHSgICbYgMkUXlsOVVsc7mET0t1EeF/T0C\nqZNDOtQlzrm2AnUv2AWGHMEpswoBvmJgEZioE+hkYeBzxoN94n9ZqpzTCMLYJ+fB\nR55AhR+/Jf9+U+HIgfHMpdRtweKZ6ske1UoeAFZK2ghOEH0ts+0a4wCNwhvWkz+M\nyxaTWRUCgYEA6AFvRRdPukCjVJ9EQodIueKntAxB4pzYliMA7wCr/6o/+fEjEME9\nZUZ2RQsaaXOY8v3In2NDb4jrUjYEDzLGJ9A+2jHCliHy3K+bV/wHNjwaEQAkwit+\nXE/RyTakGo7jHDq5yvETQgZ125Fu4qJS7OR5sOmGHJ//XGSYnjs5q2sCgYEAxqTv\nfmL/qaWdePiQxR8Enkwt4jwWiMME17OQavvaLnaEgUBwxJ+qj5RtaYpLLNJqDja7\nrqwiNx+heBdHhyXBDamVai4ECBI8j5vSEF2vVSFkWo+nNRbXrxyNNA75SZgGmIH/\niDDisyUNdcg7gEbp8irff+L1AtNszqWT7wIvJtMCgYEAlhlXg7uxOS7YfMcNwn0D\n8D9TgIjtl08iUQAUeoxUuvPKsEnyBcT/k6Yinkiwrci8C3llcrklx+MtW+LWfX67\n9MYl48SNv9P27BAw0JudjtkThCwzm+vHtLFvaF6RjR0kkf7sdP/DFdRYK9XLh5S9\nUcX/dRWgTqS08XGjy7tFdEECgYBd5F3zTlXr2QU6xbqgAc5MCFPzyFUaZZunXQ+Z\nEdwJ9CkjctMajSGwZgblSOHJmNdaSpKhuGkfxwqqWc6MWdMLYynlm0R6kCwh8RP0\nemPCiFsH1zjAhkCCW6t+fMll+L69XUzsEbdF1/CpyHAfbOVteshTiXIn2MloT6lB\n4rVo0wKBgAnHcr8jDYNboojgcWVFWvIY2nzwDVrDv6bRWcBDWVRbceztLhUPBMCn\nD7Qlxxp2gdFcdtnq4Dz/nAZYc23R/P1eKJNz8JboxvawJgcuZP7wJTycKlGlQDFE\nOp7ylMRWBAnwea6p9qRS0qgsY4eRPZ44q0AnkErZl4ZixOmPrPx5\n-----END RSA PRIVATE KEY-----\n",
            "content_base64": null,
            "content_base64sha256": "aERf6db3gmoivkj/sq0WfWFcetKAE2RS0SHc8aYWMLM=",
            "content_base64sha512": "MsminGua2ocKjJXiXyeMPYNlKhQAynK5H0reLqtWpheMFN/6nObpiIxIMFdndbnm8eSbmeW8GpnOeEVId58F5Q==",
            "content_md5": "d228294cb86e30046812ddfaa29cf3d7",
            "content_sha1": "8f40540f382b4e6b685aa341718704c4d155623a",
            "content_sha256": "68445fe9d6f7826a22be48ffb2ad167d615c7ad280136452d121dcf1a61630b3",
            "content_sha512": "32c9a29c6b9ada870a8c95e25f278c3d83652a1400ca72b91f4ade2eab56a6178c14dffa9ce6e9888c4830576775b9e6f1e49b99e5bc1a99ce784548779f05e5",
            "directory_permission": "0700",
            "file_permission": "0600",
            "filename": "/home/sofiia/test/Ansible-terraform-aws/terraform/ansible/.ssh/ansible-ssh-key.pem",
            "id": "8f40540f382b4e6b685aa341718704c4d155623a",
            "source": null
          },
          "sensitive_attributes": [
            [
              {
                "type": "get_attr",
                "value": "content"
              }
            ],
            [
              {
                "type": "get_attr",
                "value": "content_base64"
              }
            ]
          ],
          "dependencies": [
            "module.ec2.tls_private_key.key"
          ]
        }
      ]
    },
    {
      "module": "module.ec2",
      "mode": "managed",
      "type": "tls_private_key",
      "name": "key",
      "provider": "provider[\"registry.terraform.io/hashicorp/tls\"]",
      "instances": [
        {
          "schema_version": 1,
          "attributes": {
            "algorithm": "RSA",
            "ecdsa_curve": "P224",
            "id": "00c40b1c89a6c97fa3bb41195233f7e61f714899",
            "private_key_openssh": "-----BEGIN OPENSSH PRIVATE KEY-----\nb3BlbnNzaC1rZXktdjEAAAAABG5vbmUAAAAEbm9uZQAAAAAAAAABAAABFwAAAAdz\nc2gtcnNhAAAAAwEAAQAAAQEAtAaWBpmZHauKsq6CQ7S7Zby5zIbT8rqypATdyZEC\nV98C/B7h4DRlGhKR2dGyOJ2i1ExPOjDsji5Y2GpLIJd22OKWdQUpTa1tAqfLiLvo\n84+tcpjqrVsf79RXUa8AZLW5iW/8RF9QobJK20cOPaGDzcY2SblV61u2HYBcTg8y\nThi8fY6D4zVbLb3HwfmcQ6RtJto4x3y6+ZaeGupVAzLvlgtdsV+o8duCdyM5LlVU\nMJ/cJw8ZJH2eZhJr8VcD1/Bm7L36ETbserqJf6RMst929SOhVHtpAt8xcuflQ0H5\nYeVc3iqmRCyDO9DzuJgeO9JrOFGyhiGX9NRVURQHrp8rMQAAA7iX72knl+9pJwAA\nAAdzc2gtcnNhAAABAQC0BpYGmZkdq4qyroJDtLtlvLnMhtPyurKkBN3JkQJX3wL8\nHuHgNGUaEpHZ0bI4naLUTE86MOyOLljYaksgl3bY4pZ1BSlNrW0Cp8uIu+jzj61y\nmOqtWx/v1FdRrwBktbmJb/xEX1ChskrbRw49oYPNxjZJuVXrW7YdgFxODzJOGLx9\njoPjNVstvcfB+ZxDpG0m2jjHfLr5lp4a6lUDMu+WC12xX6jx24J3IzkuVVQwn9wn\nDxkkfZ5mEmvxVwPX8GbsvfoRNux6uol/pEyy33b1I6FUe2kC3zFy5+VDQflh5Vze\nKqZELIM70PO4mB470ms4UbKGIZf01FVRFAeunysxAAAAAwEAAQAAAQAGFwbyODX2\ny/vIKaEcezuvqF+8rH71Ah3S8Js0G2Sx5khqkPzhIcSdyi0G6lIWGjcM6XvwowEN\nmkHFKGtcMeOCWL/wO3l3ODus0FJRUNIDk0Ox0bx2mtOMwGknyTzBK2iYXqJxCaxn\nm+luW4v+x7z2tBLYEZ33dUXG37W/qkHwZFVCh0oCAm2IDJFF5bDlVbHO5hE9LdRH\nhf09AqmTQzrUJc65tgJ1L9gFhhzBKbMKAb5iYBGYqBPoZGHgc8aDfeJ/Waqc0wjC\n2CfnwUeeQIUfvyX/flPhyIHxzKXUbcHimerJHtVKHgBWStoIThB9LbPtGuMAjcIb\n1pM/jMsWk1kVAAAAgAnHcr8jDYNboojgcWVFWvIY2nzwDVrDv6bRWcBDWVRbcezt\nLhUPBMCnD7Qlxxp2gdFcdtnq4Dz/nAZYc23R/P1eKJNz8JboxvawJgcuZP7wJTyc\nKlGlQDFEOp7ylMRWBAnwea6p9qRS0qgsY4eRPZ44q0AnkErZl4ZixOmPrPx5AAAA\ngQDoAW9FF0+6QKNUn0RCh0i54qe0DEHinNiWIwDvAKv/qj/58SMQwT1lRnZFCxpp\nc5jy/cifY0NviOtSNgQPMsYn0D7aMcKWIfLcr5tX/Ac2PBoRACTCK35cT9HJNqQa\njuMcOrnK8RNCBnXbkW7iolLs5Hmw6YYcn/9cZJieOzmrawAAAIEAxqTvfmL/qaWd\nePiQxR8Enkwt4jwWiMME17OQavvaLnaEgUBwxJ+qj5RtaYpLLNJqDja7rqwiNx+h\neBdHhyXBDamVai4ECBI8j5vSEF2vVSFkWo+nNRbXrxyNNA75SZgGmIH/iDDisyUN\ndcg7gEbp8irff+L1AtNszqWT7wIvJtMAAAAAAQID\n-----END OPENSSH PRIVATE KEY-----\n",
            "private_key_pem": "-----BEGIN RSA PRIVATE KEY-----\nMIIEowIBAAKCAQEAtAaWBpmZHauKsq6CQ7S7Zby5zIbT8rqypATdyZECV98C/B7h\n4DRlGhKR2dGyOJ2i1ExPOjDsji5Y2GpLIJd22OKWdQUpTa1tAqfLiLvo84+tcpjq\nrVsf79RXUa8AZLW5iW/8RF9QobJK20cOPaGDzcY2SblV61u2HYBcTg8yThi8fY6D\n4zVbLb3HwfmcQ6RtJto4x3y6+ZaeGupVAzLvlgtdsV+o8duCdyM5LlVUMJ/cJw8Z\nJH2eZhJr8VcD1/Bm7L36ETbserqJf6RMst929SOhVHtpAt8xcuflQ0H5YeVc3iqm\nRCyDO9DzuJgeO9JrOFGyhiGX9NRVURQHrp8rMQIDAQABAoIBAAYXBvI4NfbL+8gp\noRx7O6+oX7ysfvUCHdLwmzQbZLHmSGqQ/OEhxJ3KLQbqUhYaNwzpe/CjAQ2aQcUo\na1wx44JYv/A7eXc4O6zQUlFQ0gOTQ7HRvHaa04zAaSfJPMEraJheonEJrGeb6W5b\ni/7HvPa0EtgRnfd1Rcbftb+qQfBkVUKHSgICbYgMkUXlsOVVsc7mET0t1EeF/T0C\nqZNDOtQlzrm2AnUv2AWGHMEpswoBvmJgEZioE+hkYeBzxoN94n9ZqpzTCMLYJ+fB\nR55AhR+/Jf9+U+HIgfHMpdRtweKZ6ske1UoeAFZK2ghOEH0ts+0a4wCNwhvWkz+M\nyxaTWRUCgYEA6AFvRRdPukCjVJ9EQodIueKntAxB4pzYliMA7wCr/6o/+fEjEME9\nZUZ2RQsaaXOY8v3In2NDb4jrUjYEDzLGJ9A+2jHCliHy3K+bV/wHNjwaEQAkwit+\nXE/RyTakGo7jHDq5yvETQgZ125Fu4qJS7OR5sOmGHJ//XGSYnjs5q2sCgYEAxqTv\nfmL/qaWdePiQxR8Enkwt4jwWiMME17OQavvaLnaEgUBwxJ+qj5RtaYpLLNJqDja7\nrqwiNx+heBdHhyXBDamVai4ECBI8j5vSEF2vVSFkWo+nNRbXrxyNNA75SZgGmIH/\niDDisyUNdcg7gEbp8irff+L1AtNszqWT7wIvJtMCgYEAlhlXg7uxOS7YfMcNwn0D\n8D9TgIjtl08iUQAUeoxUuvPKsEnyBcT/k6Yinkiwrci8C3llcrklx+MtW+LWfX67\n9MYl48SNv9P27BAw0JudjtkThCwzm+vHtLFvaF6RjR0kkf7sdP/DFdRYK9XLh5S9\nUcX/dRWgTqS08XGjy7tFdEECgYBd5F3zTlXr2QU6xbqgAc5MCFPzyFUaZZunXQ+Z\nEdwJ9CkjctMajSGwZgblSOHJmNdaSpKhuGkfxwqqWc6MWdMLYynlm0R6kCwh8RP0\nemPCiFsH1zjAhkCCW6t+fMll+L69XUzsEbdF1/CpyHAfbOVteshTiXIn2MloT6lB\n4rVo0wKBgAnHcr8jDYNboojgcWVFWvIY2nzwDVrDv6bRWcBDWVRbceztLhUPBMCn\nD7Qlxxp2gdFcdtnq4Dz/nAZYc23R/P1eKJNz8JboxvawJgcuZP7wJTycKlGlQDFE\nOp7ylMRWBAnwea6p9qRS0qgsY4eRPZ44q0AnkErZl4ZixOmPrPx5\n-----END RSA PRIVATE KEY-----\n",
            "private_key_pem_pkcs8": "-----BEGIN PRIVATE KEY-----\nMIIEvQIBADANBgkqhkiG9w0BAQEFAASCBKcwggSjAgEAAoIBAQC0BpYGmZkdq4qy\nroJDtLtlvLnMhtPyurKkBN3JkQJX3wL8HuHgNGUaEpHZ0bI4naLUTE86MOyOLljY\naksgl3bY4pZ1BSlNrW0Cp8uIu+jzj61ymOqtWx/v1FdRrwBktbmJb/xEX1Chskrb\nRw49oYPNxjZJuVXrW7YdgFxODzJOGLx9joPjNVstvcfB+ZxDpG0m2jjHfLr5lp4a\n6lUDMu+WC12xX6jx24J3IzkuVVQwn9wnDxkkfZ5mEmvxVwPX8GbsvfoRNux6uol/\npEyy33b1I6FUe2kC3zFy5+VDQflh5VzeKqZELIM70PO4mB470ms4UbKGIZf01FVR\nFAeunysxAgMBAAECggEABhcG8jg19sv7yCmhHHs7r6hfvKx+9QId0vCbNBtkseZI\napD84SHEncotBupSFho3DOl78KMBDZpBxShrXDHjgli/8Dt5dzg7rNBSUVDSA5ND\nsdG8dprTjMBpJ8k8wStomF6icQmsZ5vpbluL/se89rQS2BGd93VFxt+1v6pB8GRV\nQodKAgJtiAyRReWw5VWxzuYRPS3UR4X9PQKpk0M61CXOubYCdS/YBYYcwSmzCgG+\nYmARmKgT6GRh4HPGg33if1mqnNMIwtgn58FHnkCFH78l/35T4ciB8cyl1G3B4pnq\nyR7VSh4AVkraCE4QfS2z7RrjAI3CG9aTP4zLFpNZFQKBgQDoAW9FF0+6QKNUn0RC\nh0i54qe0DEHinNiWIwDvAKv/qj/58SMQwT1lRnZFCxppc5jy/cifY0NviOtSNgQP\nMsYn0D7aMcKWIfLcr5tX/Ac2PBoRACTCK35cT9HJNqQajuMcOrnK8RNCBnXbkW7i\nolLs5Hmw6YYcn/9cZJieOzmrawKBgQDGpO9+Yv+ppZ14+JDFHwSeTC3iPBaIwwTX\ns5Bq+9oudoSBQHDEn6qPlG1pikss0moONruurCI3H6F4F0eHJcENqZVqLgQIEjyP\nm9IQXa9VIWRaj6c1FtevHI00DvlJmAaYgf+IMOKzJQ11yDuARunyKt9/4vUC02zO\npZPvAi8m0wKBgQCWGVeDu7E5Lth8xw3CfQPwP1OAiO2XTyJRABR6jFS688qwSfIF\nxP+TpiKeSLCtyLwLeWVyuSXH4y1b4tZ9frv0xiXjxI2/0/bsEDDQm52O2ROELDOb\n68e0sW9oXpGNHSSR/ux0/8MV1Fgr1cuHlL1Rxf91FaBOpLTxcaPLu0V0QQKBgF3k\nXfNOVevZBTrFuqABzkwIU/PIVRplm6ddD5kR3An0KSNy0xqNIbBmBuVI4cmY11pK\nkqG4aR/HCqpZzoxZ0wtjKeWbRHqQLCHxE/R6Y8KIWwfXOMCGQIJbq358yWX4vr1d\nTOwRt0XX8KnIcB9s5W16yFOJcifYyWhPqUHitWjTAoGACcdyvyMNg1uiiOBxZUVa\n8hjafPANWsO/ptFZwENZVFtx7O0uFQ8EwKcPtCXHGnaB0Vx22ergPP+cBlhzbdH8\n/V4ok3PwlujG9rAmBy5k/vAlPJwqUaVAMUQ6nvKUxFYECfB5rqn2pFLSqCxjh5E9\nnjirQCeQStmXhmLE6Y+s/Hk=\n-----END PRIVATE KEY-----\n",
            "public_key_fingerprint_md5": "c1:f2:b5:b7:f8:07:24:ad:cf:40:7f:87:02:18:19:86",
            "public_key_fingerprint_sha256": "SHA256:l+nYxqB02/4OeuG4PuqgzxKvbF/FCYWu/ew3j8D3S6g",
            "public_key_openssh": "ssh-rsa AAAAB3NzaC1yc2EAAAADAQABAAABAQC0BpYGmZkdq4qyroJDtLtlvLnMhtPyurKkBN3JkQJX3wL8HuHgNGUaEpHZ0bI4naLUTE86MOyOLljYaksgl3bY4pZ1BSlNrW0Cp8uIu+jzj61ymOqtWx/v1FdRrwBktbmJb/xEX1ChskrbRw49oYPNxjZJuVXrW7YdgFxODzJOGLx9joPjNVstvcfB+ZxDpG0m2jjHfLr5lp4a6lUDMu+WC12xX6jx24J3IzkuVVQwn9wnDxkkfZ5mEmvxVwPX8GbsvfoRNux6uol/pEyy33b1I6FUe2kC3zFy5+VDQflh5VzeKqZELIM70PO4mB470ms4UbKGIZf01FVRFAeunysx\n",
            "public_key_pem": "-----BEGIN PUBLIC KEY-----\nMIIBIjANBgkqhkiG9w0BAQEFAAOCAQ8AMIIBCgKCAQEAtAaWBpmZHauKsq6CQ7S7\nZby5zIbT8rqypATdyZECV98C/B7h4DRlGhKR2dGyOJ2i1ExPOjDsji5Y2GpLIJd2\n2OKWdQUpTa1tAqfLiLvo84+tcpjqrVsf79RXUa8AZLW5iW/8RF9QobJK20cOPaGD\nzcY2SblV61u2HYBcTg8yThi8fY6D4zVbLb3HwfmcQ6RtJto4x3y6+ZaeGupVAzLv\nlgtdsV+o8duCdyM5LlVUMJ/cJw8ZJH2eZhJr8VcD1/Bm7L36ETbserqJf6RMst92\n9SOhVHtpAt8xcuflQ0H5YeVc3iqmRCyDO9DzuJgeO9JrOFGyhiGX9NRVURQHrp8r\nMQIDAQAB\n-----END PUBLIC KEY-----\n",
            "rsa_bits": 2048
          },
          "sensitive_attributes": [
            [
              {
                "type": "get_attr",
                "value": "private_key_openssh"
              }
            ],
            [
              {
                "type": "get_attr",
                "value": "private_key_pem"
              }
            ],
            [
              {
                "type": "get_attr",
                "value": "private_key_pem_pkcs8"
              }
            ]
          ]
        }
      ]
    },
    {
      "module": "module.efs",
      "mode": "managed",
      "type": "aws_efs_file_system",
      "name": "my_efs",
      "provider": "provider[\"registry.terraform.io/hashicorp/aws\"]",
      "instances": [
        {
          "schema_version": 0,
          "attributes": {
            "arn": "arn:aws:elasticfilesystem:eu-west-2:209959285864:file-system/fs-03e19d60ee479166f",
            "availability_zone_id": "",
            "availability_zone_name": "",
            "creation_token": "my-efs",
            "dns_name": "fs-03e19d60ee479166f.efs.eu-west-2.amazonaws.com",
            "encrypted": false,
            "id": "fs-03e19d60ee479166f",
            "kms_key_id": "",
            "lifecycle_policy": [],
            "name": "Gitea-EFS",
            "number_of_mount_targets": 0,
            "owner_id": "209959285864",
            "performance_mode": "generalPurpose",
            "protection": [
              {
                "replication_overwrite": "ENABLED"
              }
            ],
            "provisioned_throughput_in_mibps": 0,
            "size_in_bytes": [
              {
                "value": 6144,
                "value_in_ia": 0,
                "value_in_standard": 6144
              }
            ],
            "tags": {
              "Name": "Gitea-EFS"
            },
            "tags_all": {
              "Name": "Gitea-EFS"
            },
            "throughput_mode": "bursting"
          },
          "sensitive_attributes": [],
          "private": "bnVsbA=="
        }
      ]
    },
    {
      "module": "module.efs",
      "mode": "managed",
      "type": "aws_efs_mount_target",
      "name": "my_mount_target",
      "provider": "provider[\"registry.terraform.io/hashicorp/aws\"]",
      "instances": [
        {
          "schema_version": 0,
          "attributes": {
            "availability_zone_id": "euw2-az1",
            "availability_zone_name": "eu-west-2c",
            "dns_name": "fs-03e19d60ee479166f.efs.eu-west-2.amazonaws.com",
            "file_system_arn": "arn:aws:elasticfilesystem:eu-west-2:209959285864:file-system/fs-03e19d60ee479166f",
            "file_system_id": "fs-03e19d60ee479166f",
            "id": "fsmt-081c5715fca0ce143",
            "ip_address": "10.0.7.30",
            "mount_target_dns_name": "eu-west-2c.fs-03e19d60ee479166f.efs.eu-west-2.amazonaws.com",
            "network_interface_id": "eni-0a2f944d0045cf86f",
            "owner_id": "209959285864",
            "security_groups": [
              "sg-020a3fa43d07b1025"
            ],
            "subnet_id": "subnet-0fb0b5e7056a4d728",
            "timeouts": null
          },
          "sensitive_attributes": [],
          "private": "eyJlMmJmYjczMC1lY2FhLTExZTYtOGY4OC0zNDM2M2JjN2M0YzAiOnsiY3JlYXRlIjoxODAwMDAwMDAwMDAwLCJkZWxldGUiOjYwMDAwMDAwMDAwMH19",
          "dependencies": [
            "module.efs.aws_efs_file_system.my_efs",
            "module.sg.aws_security_group.ec2_sg",
            "module.sg.aws_security_group.efs_ingress",
            "module.vpc.aws_subnet.private_subnet_efs",
            "module.vpc.aws_vpc.vpc"
          ]
        }
      ]
    },
    {
      "module": "module.lb",
      "mode": "managed",
      "type": "aws_lb",
      "name": "load_balancer",
      "provider": "provider[\"registry.terraform.io/hashicorp/aws\"]",
      "instances": [
        {
          "schema_version": 0,
          "attributes": {
            "access_logs": [
              {
                "bucket": "",
                "enabled": false,
                "prefix": ""
              }
            ],
            "arn": "arn:aws:elasticloadbalancing:eu-west-2:209959285864:loadbalancer/app/Gitea-lb/1c622842248ed6fc",
            "arn_suffix": "app/Gitea-lb/1c622842248ed6fc",
            "client_keep_alive": 3600,
            "connection_logs": [
              {
                "bucket": "",
                "enabled": false,
                "prefix": ""
              }
            ],
            "customer_owned_ipv4_pool": "",
            "desync_mitigation_mode": "defensive",
            "dns_name": "Gitea-lb-340915099.eu-west-2.elb.amazonaws.com",
            "dns_record_client_routing_policy": null,
            "drop_invalid_header_fields": false,
            "enable_cross_zone_load_balancing": true,
            "enable_deletion_protection": false,
            "enable_http2": true,
            "enable_tls_version_and_cipher_suite_headers": false,
            "enable_waf_fail_open": false,
            "enable_xff_client_port": false,
            "enforce_security_group_inbound_rules_on_private_link_traffic": "",
            "id": "arn:aws:elasticloadbalancing:eu-west-2:209959285864:loadbalancer/app/Gitea-lb/1c622842248ed6fc",
            "idle_timeout": 1200,
            "internal": false,
            "ip_address_type": "ipv4",
            "load_balancer_type": "application",
            "name": "Gitea-lb",
            "name_prefix": "",
            "preserve_host_header": false,
            "security_groups": [
              "sg-0c009a39f6ad8e3d0"
            ],
            "subnet_mapping": [
              {
                "allocation_id": "",
                "ipv6_address": "",
                "outpost_id": "",
                "private_ipv4_address": "",
                "subnet_id": "subnet-08b495b03ddf8d706"
              },
              {
                "allocation_id": "",
                "ipv6_address": "",
                "outpost_id": "",
                "private_ipv4_address": "",
                "subnet_id": "subnet-0e47fc47b20bbe96f"
              }
            ],
            "subnets": [
              "subnet-08b495b03ddf8d706",
              "subnet-0e47fc47b20bbe96f"
            ],
            "tags": {
              "Name": "Gitea-lb"
            },
            "tags_all": {
              "Name": "Gitea-lb"
            },
            "timeouts": null,
            "vpc_id": "vpc-0b7c0bda017970983",
            "xff_header_processing_mode": "append",
            "zone_id": "ZHURV8PSTC4K8"
          },
          "sensitive_attributes": [],
          "private": "eyJlMmJmYjczMC1lY2FhLTExZTYtOGY4OC0zNDM2M2JjN2M0YzAiOnsiY3JlYXRlIjo2MDAwMDAwMDAwMDAsImRlbGV0ZSI6NjAwMDAwMDAwMDAwLCJ1cGRhdGUiOjYwMDAwMDAwMDAwMH19",
          "dependencies": [
            "module.sg.aws_security_group.lb_sg",
            "module.vpc.aws_subnet.public_subnet_a",
            "module.vpc.aws_subnet.public_subnet_b",
            "module.vpc.aws_vpc.vpc"
          ]
        }
      ]
    },
    {
      "module": "module.lb",
      "mode": "managed",
      "type": "aws_lb_listener",
      "name": "application",
      "provider": "provider[\"registry.terraform.io/hashicorp/aws\"]",
      "instances": [
        {
          "schema_version": 0,
          "attributes": {
            "alpn_policy": null,
            "arn": "arn:aws:elasticloadbalancing:eu-west-2:209959285864:listener/app/Gitea-lb/1c622842248ed6fc/5447c195312af382",
            "certificate_arn": null,
            "default_action": [
              {
                "authenticate_cognito": [],
                "authenticate_oidc": [],
                "fixed_response": [],
                "forward": [],
                "order": 1,
                "redirect": [],
                "target_group_arn": "arn:aws:elasticloadbalancing:eu-west-2:209959285864:targetgroup/gitea-target-group/bd66740e27b939c8",
                "type": "forward"
              }
            ],
            "id": "arn:aws:elasticloadbalancing:eu-west-2:209959285864:listener/app/Gitea-lb/1c622842248ed6fc/5447c195312af382",
            "load_balancer_arn": "arn:aws:elasticloadbalancing:eu-west-2:209959285864:loadbalancer/app/Gitea-lb/1c622842248ed6fc",
            "mutual_authentication": [],
            "port": 80,
            "protocol": "HTTP",
            "ssl_policy": "",
            "tags": null,
            "tags_all": {},
            "timeouts": null
          },
          "sensitive_attributes": [],
          "private": "eyJlMmJmYjczMC1lY2FhLTExZTYtOGY4OC0zNDM2M2JjN2M0YzAiOnsiY3JlYXRlIjozMDAwMDAwMDAwMDAsInVwZGF0ZSI6MzAwMDAwMDAwMDAwfX0=",
          "dependencies": [
            "module.lb.aws_lb.load_balancer",
            "module.lb.aws_lb_target_group.lb_target_group",
            "module.sg.aws_security_group.lb_sg",
            "module.vpc.aws_subnet.public_subnet_a",
            "module.vpc.aws_subnet.public_subnet_b",
            "module.vpc.aws_vpc.vpc"
          ]
        }
      ]
    },
    {
      "module": "module.lb",
      "mode": "managed",
      "type": "aws_lb_target_group",
      "name": "lb_target_group",
      "provider": "provider[\"registry.terraform.io/hashicorp/aws\"]",
      "instances": [
        {
          "schema_version": 0,
          "attributes": {
            "arn": "arn:aws:elasticloadbalancing:eu-west-2:209959285864:targetgroup/gitea-target-group/bd66740e27b939c8",
            "arn_suffix": "targetgroup/gitea-target-group/bd66740e27b939c8",
            "connection_termination": null,
            "deregistration_delay": "300",
            "health_check": [
              {
                "enabled": true,
                "healthy_threshold": 2,
                "interval": 10,
                "matcher": "200",
                "path": "/",
                "port": "3000",
                "protocol": "HTTP",
                "timeout": 5,
                "unhealthy_threshold": 2
              }
            ],
            "id": "arn:aws:elasticloadbalancing:eu-west-2:209959285864:targetgroup/gitea-target-group/bd66740e27b939c8",
            "ip_address_type": "ipv4",
            "lambda_multi_value_headers_enabled": false,
            "load_balancer_arns": [],
            "load_balancing_algorithm_type": "round_robin",
            "load_balancing_anomaly_mitigation": "off",
            "load_balancing_cross_zone_enabled": "use_load_balancer_configuration",
            "name": "gitea-target-group",
            "name_prefix": "",
            "port": 3000,
            "preserve_client_ip": null,
            "protocol": "HTTP",
            "protocol_version": "HTTP1",
            "proxy_protocol_v2": false,
            "slow_start": 0,
            "stickiness": [
              {
                "cookie_duration": 86400,
                "cookie_name": "",
                "enabled": true,
                "type": "lb_cookie"
              }
            ],
            "tags": null,
            "tags_all": {},
            "target_failover": [
              {
                "on_deregistration": null,
                "on_unhealthy": null
              }
            ],
            "target_health_state": [
              {
                "enable_unhealthy_connection_termination": null
              }
            ],
            "target_type": "instance",
            "vpc_id": "vpc-0b7c0bda017970983"
          },
          "sensitive_attributes": [],
          "private": "bnVsbA==",
          "dependencies": [
            "module.vpc.aws_vpc.vpc"
          ]
        }
      ]
    },
    {
      "module": "module.lb",
      "mode": "managed",
      "type": "aws_lb_target_group_attachment",
      "name": "ec2_attach",
      "provider": "provider[\"registry.terraform.io/hashicorp/aws\"]",
      "instances": [
        {
          "index_key": "0",
          "schema_version": 0,
          "attributes": {
            "availability_zone": null,
            "id": "arn:aws:elasticloadbalancing:eu-west-2:209959285864:targetgroup/gitea-target-group/bd66740e27b939c8-20240422121527152600000005",
            "port": 3000,
            "target_group_arn": "arn:aws:elasticloadbalancing:eu-west-2:209959285864:targetgroup/gitea-target-group/bd66740e27b939c8",
            "target_id": "i-08a8df90cf3f3c472"
          },
          "sensitive_attributes": [],
          "private": "bnVsbA==",
          "dependencies": [
            "module.ec2.aws_instance.ec2_instances",
            "module.ec2.aws_key_pair.aws_key",
            "module.ec2.tls_private_key.key",
            "module.lb.aws_lb_target_group.lb_target_group",
            "module.sg.aws_security_group.allow_ssh",
            "module.sg.aws_security_group.ec2_sg",
            "module.vpc.aws_subnet.public_subnet_a",
            "module.vpc.aws_subnet.public_subnet_b",
            "module.vpc.aws_vpc.vpc"
          ]
        },
        {
          "index_key": "1",
          "schema_version": 0,
          "attributes": {
            "availability_zone": null,
            "id": "arn:aws:elasticloadbalancing:eu-west-2:209959285864:targetgroup/gitea-target-group/bd66740e27b939c8-20240422121527041600000004",
            "port": 3000,
            "target_group_arn": "arn:aws:elasticloadbalancing:eu-west-2:209959285864:targetgroup/gitea-target-group/bd66740e27b939c8",
            "target_id": "i-0b6624f0247482960"
          },
          "sensitive_attributes": [],
          "private": "bnVsbA==",
          "dependencies": [
            "module.ec2.aws_instance.ec2_instances",
            "module.ec2.aws_key_pair.aws_key",
            "module.ec2.tls_private_key.key",
            "module.lb.aws_lb_target_group.lb_target_group",
            "module.sg.aws_security_group.allow_ssh",
            "module.sg.aws_security_group.ec2_sg",
            "module.vpc.aws_subnet.public_subnet_a",
            "module.vpc.aws_subnet.public_subnet_b",
            "module.vpc.aws_vpc.vpc"
          ]
        }
      ]
    },
    {
      "module": "module.rds",
      "mode": "managed",
      "type": "aws_db_instance",
      "name": "rds_instance",
      "provider": "provider[\"registry.terraform.io/hashicorp/aws\"]",
      "instances": [
        {
          "schema_version": 2,
          "attributes": {
            "address": "mysql-db.cp4c0g6mwwni.eu-west-2.rds.amazonaws.com",
            "allocated_storage": 15,
            "allow_major_version_upgrade": null,
            "apply_immediately": false,
            "arn": "arn:aws:rds:eu-west-2:209959285864:db:mysql-db",
            "auto_minor_version_upgrade": true,
            "availability_zone": "eu-west-2b",
            "backup_retention_period": 7,
            "backup_target": "region",
            "backup_window": "03:29-03:59",
            "blue_green_update": [],
            "ca_cert_identifier": "rds-ca-rsa2048-g1",
            "character_set_name": "",
            "copy_tags_to_snapshot": false,
            "custom_iam_instance_profile": "",
            "customer_owned_ip_enabled": false,
            "db_name": "gitea_db",
            "db_subnet_group_name": "rds_subnet_group",
            "delete_automated_backups": true,
            "deletion_protection": false,
            "domain": "",
            "domain_auth_secret_arn": "",
            "domain_dns_ips": null,
            "domain_fqdn": "",
            "domain_iam_role_name": "",
            "domain_ou": "",
            "enabled_cloudwatch_logs_exports": null,
            "endpoint": "mysql-db.cp4c0g6mwwni.eu-west-2.rds.amazonaws.com:3306",
            "engine": "mysql",
            "engine_version": "8.0",
            "engine_version_actual": "8.0.35",
            "final_snapshot_identifier": null,
            "hosted_zone_id": "Z1TTGA775OQIYO",
            "iam_database_authentication_enabled": false,
            "id": "db-BKJSORRRFH6V6NWSICQ4EZVRGY",
            "identifier": "mysql-db",
            "identifier_prefix": "",
            "instance_class": "db.t3.micro",
            "iops": 0,
            "kms_key_id": "",
            "latest_restorable_time": "2024-04-22T12:20:00Z",
            "license_model": "general-public-license",
            "listener_endpoint": [],
            "maintenance_window": "sat:05:23-sat:05:53",
            "manage_master_user_password": null,
            "master_user_secret": [],
            "master_user_secret_kms_key_id": null,
            "max_allocated_storage": 0,
            "monitoring_interval": 0,
            "monitoring_role_arn": "",
            "multi_az": false,
            "nchar_character_set_name": "",
            "network_type": "IPV4",
            "option_group_name": "default:mysql-8-0",
            "parameter_group_name": "default.mysql8.0",
            "password": "giteaadmin",
            "performance_insights_enabled": false,
            "performance_insights_kms_key_id": "",
            "performance_insights_retention_period": 0,
            "port": 3306,
            "publicly_accessible": false,
            "replica_mode": "",
            "replicas": [],
            "replicate_source_db": "",
            "resource_id": "db-BKJSORRRFH6V6NWSICQ4EZVRGY",
            "restore_to_point_in_time": [],
            "s3_import": [],
            "skip_final_snapshot": true,
            "snapshot_identifier": null,
            "status": "available",
            "storage_encrypted": false,
            "storage_throughput": 0,
            "storage_type": "gp2",
            "tags": {
              "Name": "Mysql-RDS"
            },
            "tags_all": {
              "Name": "Mysql-RDS"
            },
            "timeouts": null,
            "timezone": "",
            "username": "gitea",
            "vpc_security_group_ids": [
              "sg-0ebf29a0c10b0fbf4"
            ]
          },
          "sensitive_attributes": [
            [
              {
                "type": "get_attr",
                "value": "username"
              }
            ],
            [
              {
                "type": "get_attr",
                "value": "db_name"
              }
            ],
            [
              {
                "type": "get_attr",
                "value": "password"
              }
            ]
          ],
          "private": "eyJlMmJmYjczMC1lY2FhLTExZTYtOGY4OC0zNDM2M2JjN2M0YzAiOnsiY3JlYXRlIjoyNDAwMDAwMDAwMDAwLCJkZWxldGUiOjM2MDAwMDAwMDAwMDAsInVwZGF0ZSI6NDgwMDAwMDAwMDAwMH0sInNjaGVtYV92ZXJzaW9uIjoiMiJ9",
          "dependencies": [
            "data.aws_secretsmanager_secret.mysql_credentials",
            "data.aws_secretsmanager_secret_version.secret-version",
            "module.rds.aws_db_subnet_group.rds_subnet_group",
            "module.sg.aws_security_group.rds_sg",
            "module.vpc.aws_subnet.private_subnet_a_rds",
            "module.vpc.aws_subnet.private_subnet_b_rds",
            "module.vpc.aws_vpc.vpc"
          ]
        }
      ]
    },
    {
      "module": "module.rds",
      "mode": "managed",
      "type": "aws_db_subnet_group",
      "name": "rds_subnet_group",
      "provider": "provider[\"registry.terraform.io/hashicorp/aws\"]",
      "instances": [
        {
          "schema_version": 0,
          "attributes": {
            "arn": "arn:aws:rds:eu-west-2:209959285864:subgrp:rds_subnet_group",
            "description": "Managed by Terraform",
            "id": "rds_subnet_group",
            "name": "rds_subnet_group",
            "name_prefix": "",
            "subnet_ids": [
              "subnet-04f43651f7b9cb353",
              "subnet-0d01b6fb42ba1a83a"
            ],
            "supported_network_types": [
              "IPV4"
            ],
            "tags": {
              "Name": "RDS Subnet Group"
            },
            "tags_all": {
              "Name": "RDS Subnet Group"
            },
            "vpc_id": "vpc-0b7c0bda017970983"
          },
          "sensitive_attributes": [],
          "private": "bnVsbA==",
          "dependencies": [
            "module.vpc.aws_subnet.private_subnet_a_rds",
            "module.vpc.aws_subnet.private_subnet_b_rds",
            "module.vpc.aws_vpc.vpc"
          ]
        }
      ]
    },
    {
      "module": "module.sg",
      "mode": "managed",
      "type": "aws_security_group",
      "name": "allow_ssh",
      "provider": "provider[\"registry.terraform.io/hashicorp/aws\"]",
      "instances": [
        {
          "schema_version": 1,
          "attributes": {
            "arn": "arn:aws:ec2:eu-west-2:209959285864:security-group/sg-0abfbc7ee3fb176f1",
            "description": "Allow SSH traffic",
            "egress": [
              {
                "cidr_blocks": [
                  "0.0.0.0/0"
                ],
                "description": "",
                "from_port": 0,
                "ipv6_cidr_blocks": [],
                "prefix_list_ids": [],
                "protocol": "-1",
                "security_groups": [],
                "self": false,
                "to_port": 0
              }
            ],
            "id": "sg-0abfbc7ee3fb176f1",
            "ingress": [
              {
                "cidr_blocks": [
                  "0.0.0.0/0"
                ],
                "description": "SSH",
                "from_port": 22,
                "ipv6_cidr_blocks": [],
                "prefix_list_ids": [],
                "protocol": "tcp",
                "security_groups": [],
                "self": false,
                "to_port": 22
              }
            ],
            "name": "allow_ssh",
            "name_prefix": "",
            "owner_id": "209959285864",
            "revoke_rules_on_delete": false,
            "tags": null,
            "tags_all": {},
            "timeouts": null,
            "vpc_id": "vpc-0b7c0bda017970983"
          },
          "sensitive_attributes": [],
          "private": "eyJlMmJmYjczMC1lY2FhLTExZTYtOGY4OC0zNDM2M2JjN2M0YzAiOnsiY3JlYXRlIjo2MDAwMDAwMDAwMDAsImRlbGV0ZSI6OTAwMDAwMDAwMDAwfSwic2NoZW1hX3ZlcnNpb24iOiIxIn0=",
          "dependencies": [
            "module.vpc.aws_vpc.vpc"
          ]
        }
      ]
    },
    {
      "module": "module.sg",
      "mode": "managed",
      "type": "aws_security_group",
      "name": "ec2_sg",
      "provider": "provider[\"registry.terraform.io/hashicorp/aws\"]",
      "instances": [
        {
          "schema_version": 1,
          "attributes": {
            "arn": "arn:aws:ec2:eu-west-2:209959285864:security-group/sg-073a9002c96328952",
            "description": "Security group for EC2 instance",
            "egress": [],
            "id": "sg-073a9002c96328952",
            "ingress": [],
            "name": "ec2-security-group",
            "name_prefix": "",
            "owner_id": "209959285864",
            "revoke_rules_on_delete": false,
            "tags": null,
            "tags_all": {},
            "timeouts": null,
            "vpc_id": "vpc-0b7c0bda017970983"
          },
          "sensitive_attributes": [],
          "private": "eyJlMmJmYjczMC1lY2FhLTExZTYtOGY4OC0zNDM2M2JjN2M0YzAiOnsiY3JlYXRlIjo2MDAwMDAwMDAwMDAsImRlbGV0ZSI6OTAwMDAwMDAwMDAwfSwic2NoZW1hX3ZlcnNpb24iOiIxIn0=",
          "dependencies": [
            "module.vpc.aws_vpc.vpc"
          ]
        }
      ]
    },
    {
      "module": "module.sg",
      "mode": "managed",
      "type": "aws_security_group",
      "name": "efs_ingress",
      "provider": "provider[\"registry.terraform.io/hashicorp/aws\"]",
      "instances": [
        {
          "schema_version": 1,
          "attributes": {
            "arn": "arn:aws:ec2:eu-west-2:209959285864:security-group/sg-020a3fa43d07b1025",
            "description": "Security group for EFS",
            "egress": [],
            "id": "sg-020a3fa43d07b1025",
            "ingress": [
              {
                "cidr_blocks": [],
                "description": "",
                "from_port": 2049,
                "ipv6_cidr_blocks": [],
                "prefix_list_ids": [],
                "protocol": "tcp",
                "security_groups": [
                  "sg-073a9002c96328952"
                ],
                "self": false,
                "to_port": 2049
              }
            ],
            "name": "efs-security-group",
            "name_prefix": "",
            "owner_id": "209959285864",
            "revoke_rules_on_delete": false,
            "tags": null,
            "tags_all": {},
            "timeouts": null,
            "vpc_id": "vpc-0b7c0bda017970983"
          },
          "sensitive_attributes": [],
          "private": "eyJlMmJmYjczMC1lY2FhLTExZTYtOGY4OC0zNDM2M2JjN2M0YzAiOnsiY3JlYXRlIjo2MDAwMDAwMDAwMDAsImRlbGV0ZSI6OTAwMDAwMDAwMDAwfSwic2NoZW1hX3ZlcnNpb24iOiIxIn0=",
          "dependencies": [
            "module.sg.aws_security_group.ec2_sg",
            "module.vpc.aws_vpc.vpc"
          ]
        }
      ]
    },
    {
      "module": "module.sg",
      "mode": "managed",
      "type": "aws_security_group",
      "name": "lb_sg",
      "provider": "provider[\"registry.terraform.io/hashicorp/aws\"]",
      "instances": [
        {
          "schema_version": 1,
          "attributes": {
            "arn": "arn:aws:ec2:eu-west-2:209959285864:security-group/sg-0c009a39f6ad8e3d0",
            "description": "Security group for LB",
            "egress": [],
            "id": "sg-0c009a39f6ad8e3d0",
            "ingress": [],
            "name": "lb-security-group",
            "name_prefix": "",
            "owner_id": "209959285864",
            "revoke_rules_on_delete": false,
            "tags": null,
            "tags_all": {},
            "timeouts": null,
            "vpc_id": "vpc-0b7c0bda017970983"
          },
          "sensitive_attributes": [],
          "private": "eyJlMmJmYjczMC1lY2FhLTExZTYtOGY4OC0zNDM2M2JjN2M0YzAiOnsiY3JlYXRlIjo2MDAwMDAwMDAwMDAsImRlbGV0ZSI6OTAwMDAwMDAwMDAwfSwic2NoZW1hX3ZlcnNpb24iOiIxIn0=",
          "dependencies": [
            "module.vpc.aws_vpc.vpc"
          ]
        }
      ]
    },
    {
      "module": "module.sg",
      "mode": "managed",
      "type": "aws_security_group",
      "name": "rds_sg",
      "provider": "provider[\"registry.terraform.io/hashicorp/aws\"]",
      "instances": [
        {
          "schema_version": 1,
          "attributes": {
            "arn": "arn:aws:ec2:eu-west-2:209959285864:security-group/sg-0ebf29a0c10b0fbf4",
            "description": "Security group for RDS",
            "egress": [],
            "id": "sg-0ebf29a0c10b0fbf4",
            "ingress": [],
            "name": "rds-security-group",
            "name_prefix": "",
            "owner_id": "209959285864",
            "revoke_rules_on_delete": false,
            "tags": null,
            "tags_all": {},
            "timeouts": null,
            "vpc_id": "vpc-0b7c0bda017970983"
          },
          "sensitive_attributes": [],
          "private": "eyJlMmJmYjczMC1lY2FhLTExZTYtOGY4OC0zNDM2M2JjN2M0YzAiOnsiY3JlYXRlIjo2MDAwMDAwMDAwMDAsImRlbGV0ZSI6OTAwMDAwMDAwMDAwfSwic2NoZW1hX3ZlcnNpb24iOiIxIn0=",
          "dependencies": [
            "module.vpc.aws_vpc.vpc"
          ]
        }
      ]
    },
    {
      "module": "module.sg",
      "mode": "managed",
      "type": "aws_security_group_rule",
      "name": "ec2_lb_egress",
      "provider": "provider[\"registry.terraform.io/hashicorp/aws\"]",
      "instances": [
        {
          "schema_version": 2,
          "attributes": {
            "cidr_blocks": null,
            "description": null,
            "from_port": 3000,
            "id": "sgrule-17133072",
            "ipv6_cidr_blocks": null,
            "prefix_list_ids": null,
            "protocol": "tcp",
            "security_group_id": "sg-073a9002c96328952",
            "security_group_rule_id": "sgr-046099333ce78e45f",
            "self": false,
            "source_security_group_id": "sg-0c009a39f6ad8e3d0",
            "timeouts": null,
            "to_port": 3000,
            "type": "egress"
          },
          "sensitive_attributes": [],
          "private": "eyJlMmJmYjczMC1lY2FhLTExZTYtOGY4OC0zNDM2M2JjN2M0YzAiOnsiY3JlYXRlIjozMDAwMDAwMDAwMDB9LCJzY2hlbWFfdmVyc2lvbiI6IjIifQ==",
          "dependencies": [
            "module.sg.aws_security_group.ec2_sg",
            "module.sg.aws_security_group.lb_sg",
            "module.vpc.aws_vpc.vpc"
          ]
        }
      ]
    },
    {
      "module": "module.sg",
      "mode": "managed",
      "type": "aws_security_group_rule",
      "name": "ec2_lb_ingress",
      "provider": "provider[\"registry.terraform.io/hashicorp/aws\"]",
      "instances": [
        {
          "schema_version": 2,
          "attributes": {
            "cidr_blocks": null,
            "description": null,
            "from_port": 3000,
            "id": "sgrule-1260060241",
            "ipv6_cidr_blocks": null,
            "prefix_list_ids": null,
            "protocol": "tcp",
            "security_group_id": "sg-073a9002c96328952",
            "security_group_rule_id": "sgr-013ee933699e844ff",
            "self": false,
            "source_security_group_id": "sg-0c009a39f6ad8e3d0",
            "timeouts": null,
            "to_port": 3000,
            "type": "ingress"
          },
          "sensitive_attributes": [],
          "private": "eyJlMmJmYjczMC1lY2FhLTExZTYtOGY4OC0zNDM2M2JjN2M0YzAiOnsiY3JlYXRlIjozMDAwMDAwMDAwMDB9LCJzY2hlbWFfdmVyc2lvbiI6IjIifQ==",
          "dependencies": [
            "module.sg.aws_security_group.ec2_sg",
            "module.sg.aws_security_group.lb_sg",
            "module.vpc.aws_vpc.vpc"
          ]
        }
      ]
    },
    {
      "module": "module.sg",
      "mode": "managed",
      "type": "aws_security_group_rule",
      "name": "ec2_rds_egress",
      "provider": "provider[\"registry.terraform.io/hashicorp/aws\"]",
      "instances": [
        {
          "schema_version": 2,
          "attributes": {
            "cidr_blocks": null,
            "description": null,
            "from_port": 3306,
            "id": "sgrule-3799132857",
            "ipv6_cidr_blocks": null,
            "prefix_list_ids": null,
            "protocol": "tcp",
            "security_group_id": "sg-073a9002c96328952",
            "security_group_rule_id": "sgr-0e4e467d73b6d8b5c",
            "self": false,
            "source_security_group_id": "sg-0ebf29a0c10b0fbf4",
            "timeouts": null,
            "to_port": 3306,
            "type": "egress"
          },
          "sensitive_attributes": [],
          "private": "eyJlMmJmYjczMC1lY2FhLTExZTYtOGY4OC0zNDM2M2JjN2M0YzAiOnsiY3JlYXRlIjozMDAwMDAwMDAwMDB9LCJzY2hlbWFfdmVyc2lvbiI6IjIifQ==",
          "dependencies": [
            "module.sg.aws_security_group.ec2_sg",
            "module.sg.aws_security_group.rds_sg",
            "module.vpc.aws_vpc.vpc"
          ]
        }
      ]
    },
    {
      "module": "module.sg",
      "mode": "managed",
      "type": "aws_security_group_rule",
      "name": "lb_sg_egress",
      "provider": "provider[\"registry.terraform.io/hashicorp/aws\"]",
      "instances": [
        {
          "schema_version": 2,
          "attributes": {
            "cidr_blocks": null,
            "description": null,
            "from_port": 3000,
            "id": "sgrule-1176045285",
            "ipv6_cidr_blocks": null,
            "prefix_list_ids": null,
            "protocol": "tcp",
            "security_group_id": "sg-0c009a39f6ad8e3d0",
            "security_group_rule_id": "sgr-03fa0f0a6bbc8765b",
            "self": false,
            "source_security_group_id": "sg-073a9002c96328952",
            "timeouts": null,
            "to_port": 3000,
            "type": "egress"
          },
          "sensitive_attributes": [],
          "private": "eyJlMmJmYjczMC1lY2FhLTExZTYtOGY4OC0zNDM2M2JjN2M0YzAiOnsiY3JlYXRlIjozMDAwMDAwMDAwMDB9LCJzY2hlbWFfdmVyc2lvbiI6IjIifQ==",
          "dependencies": [
            "module.sg.aws_security_group.ec2_sg",
            "module.sg.aws_security_group.lb_sg",
            "module.vpc.aws_vpc.vpc"
          ]
        }
      ]
    },
    {
      "module": "module.sg",
      "mode": "managed",
      "type": "aws_security_group_rule",
      "name": "lb_sg_ingress",
      "provider": "provider[\"registry.terraform.io/hashicorp/aws\"]",
      "instances": [
        {
          "schema_version": 2,
          "attributes": {
            "cidr_blocks": [
              "0.0.0.0/0"
            ],
            "description": null,
            "from_port": 80,
            "id": "sgrule-123919918",
            "ipv6_cidr_blocks": null,
            "prefix_list_ids": null,
            "protocol": "tcp",
            "security_group_id": "sg-0c009a39f6ad8e3d0",
            "security_group_rule_id": "sgr-049695cffee84bab4",
            "self": false,
            "source_security_group_id": null,
            "timeouts": null,
            "to_port": 80,
            "type": "ingress"
          },
          "sensitive_attributes": [],
          "private": "eyJlMmJmYjczMC1lY2FhLTExZTYtOGY4OC0zNDM2M2JjN2M0YzAiOnsiY3JlYXRlIjozMDAwMDAwMDAwMDB9LCJzY2hlbWFfdmVyc2lvbiI6IjIifQ==",
          "dependencies": [
            "module.sg.aws_security_group.lb_sg",
            "module.vpc.aws_vpc.vpc"
          ]
        }
      ]
    },
    {
      "module": "module.sg",
      "mode": "managed",
      "type": "aws_security_group_rule",
      "name": "rds_egress",
      "provider": "provider[\"registry.terraform.io/hashicorp/aws\"]",
      "instances": [
        {
          "schema_version": 2,
          "attributes": {
            "cidr_blocks": null,
            "description": null,
            "from_port": 3306,
            "id": "sgrule-1749198647",
            "ipv6_cidr_blocks": null,
            "prefix_list_ids": null,
            "protocol": "tcp",
            "security_group_id": "sg-0ebf29a0c10b0fbf4",
            "security_group_rule_id": "sgr-01ceb9ec7479974ed",
            "self": false,
            "source_security_group_id": "sg-073a9002c96328952",
            "timeouts": null,
            "to_port": 3306,
            "type": "egress"
          },
          "sensitive_attributes": [],
          "private": "eyJlMmJmYjczMC1lY2FhLTExZTYtOGY4OC0zNDM2M2JjN2M0YzAiOnsiY3JlYXRlIjozMDAwMDAwMDAwMDB9LCJzY2hlbWFfdmVyc2lvbiI6IjIifQ==",
          "dependencies": [
            "module.sg.aws_security_group.ec2_sg",
            "module.sg.aws_security_group.rds_sg",
            "module.vpc.aws_vpc.vpc"
          ]
        }
      ]
    },
    {
      "module": "module.sg",
      "mode": "managed",
      "type": "aws_security_group_rule",
      "name": "rds_ingress",
      "provider": "provider[\"registry.terraform.io/hashicorp/aws\"]",
      "instances": [
        {
          "schema_version": 2,
          "attributes": {
            "cidr_blocks": null,
            "description": null,
            "from_port": 3306,
            "id": "sgrule-1916659884",
            "ipv6_cidr_blocks": null,
            "prefix_list_ids": null,
            "protocol": "tcp",
            "security_group_id": "sg-0ebf29a0c10b0fbf4",
            "security_group_rule_id": "sgr-0c6ed175abf13e813",
            "self": false,
            "source_security_group_id": "sg-073a9002c96328952",
            "timeouts": null,
            "to_port": 3306,
            "type": "ingress"
          },
          "sensitive_attributes": [],
          "private": "eyJlMmJmYjczMC1lY2FhLTExZTYtOGY4OC0zNDM2M2JjN2M0YzAiOnsiY3JlYXRlIjozMDAwMDAwMDAwMDB9LCJzY2hlbWFfdmVyc2lvbiI6IjIifQ==",
          "dependencies": [
            "module.sg.aws_security_group.ec2_sg",
            "module.sg.aws_security_group.rds_sg",
            "module.vpc.aws_vpc.vpc"
          ]
        }
      ]
    },
    {
      "module": "module.vpc",
      "mode": "managed",
      "type": "aws_internet_gateway",
      "name": "vpc_igw",
      "provider": "provider[\"registry.terraform.io/hashicorp/aws\"]",
      "instances": [
        {
          "schema_version": 0,
          "attributes": {
            "arn": "arn:aws:ec2:eu-west-2:209959285864:internet-gateway/igw-04fa1b77468d48015",
            "id": "igw-04fa1b77468d48015",
            "owner_id": "209959285864",
            "tags": {
              "Name": "Gitea-igw"
            },
            "tags_all": {
              "Name": "Gitea-igw"
            },
            "timeouts": null,
            "vpc_id": "vpc-0b7c0bda017970983"
          },
          "sensitive_attributes": [],
          "private": "eyJlMmJmYjczMC1lY2FhLTExZTYtOGY4OC0zNDM2M2JjN2M0YzAiOnsiY3JlYXRlIjoxMjAwMDAwMDAwMDAwLCJkZWxldGUiOjEyMDAwMDAwMDAwMDAsInVwZGF0ZSI6MTIwMDAwMDAwMDAwMH19",
          "dependencies": [
            "module.vpc.aws_vpc.vpc"
          ]
        }
      ]
    },
    {
      "module": "module.vpc",
      "mode": "managed",
      "type": "aws_route_table",
      "name": "vpc_rt",
      "provider": "provider[\"registry.terraform.io/hashicorp/aws\"]",
      "instances": [
        {
          "schema_version": 0,
          "attributes": {
            "arn": "arn:aws:ec2:eu-west-2:209959285864:route-table/rtb-0dfbfedf15b14d04f",
            "id": "rtb-0dfbfedf15b14d04f",
            "owner_id": "209959285864",
            "propagating_vgws": [],
            "route": [
              {
                "carrier_gateway_id": "",
                "cidr_block": "0.0.0.0/0",
                "core_network_arn": "",
                "destination_prefix_list_id": "",
                "egress_only_gateway_id": "",
                "gateway_id": "igw-04fa1b77468d48015",
                "ipv6_cidr_block": "",
                "local_gateway_id": "",
                "nat_gateway_id": "",
                "network_interface_id": "",
                "transit_gateway_id": "",
                "vpc_endpoint_id": "",
                "vpc_peering_connection_id": ""
              }
            ],
            "tags": {
              "Name": "Gitea-rt"
            },
            "tags_all": {
              "Name": "Gitea-rt"
            },
            "timeouts": null,
            "vpc_id": "vpc-0b7c0bda017970983"
          },
          "sensitive_attributes": [],
          "private": "eyJlMmJmYjczMC1lY2FhLTExZTYtOGY4OC0zNDM2M2JjN2M0YzAiOnsiY3JlYXRlIjozMDAwMDAwMDAwMDAsImRlbGV0ZSI6MzAwMDAwMDAwMDAwLCJ1cGRhdGUiOjEyMDAwMDAwMDAwMH19",
          "dependencies": [
            "module.vpc.aws_internet_gateway.vpc_igw",
            "module.vpc.aws_vpc.vpc"
          ]
        }
      ]
    },
    {
      "module": "module.vpc",
      "mode": "managed",
      "type": "aws_route_table_association",
      "name": "vpc_rt_association",
      "provider": "provider[\"registry.terraform.io/hashicorp/aws\"]",
      "instances": [
        {
          "index_key": 0,
          "schema_version": 0,
          "attributes": {
            "gateway_id": "",
            "id": "rtbassoc-09d74c3b2f4324a7e",
            "route_table_id": "rtb-0dfbfedf15b14d04f",
            "subnet_id": "subnet-08b495b03ddf8d706",
            "timeouts": null
          },
          "sensitive_attributes": [],
          "private": "eyJlMmJmYjczMC1lY2FhLTExZTYtOGY4OC0zNDM2M2JjN2M0YzAiOnsiY3JlYXRlIjozMDAwMDAwMDAwMDAsImRlbGV0ZSI6MzAwMDAwMDAwMDAwLCJ1cGRhdGUiOjEyMDAwMDAwMDAwMH19",
          "dependencies": [
            "module.vpc.aws_internet_gateway.vpc_igw",
            "module.vpc.aws_route_table.vpc_rt",
            "module.vpc.aws_subnet.public_subnet_a",
            "module.vpc.aws_subnet.public_subnet_b",
            "module.vpc.aws_vpc.vpc"
          ]
        },
        {
          "index_key": 1,
          "schema_version": 0,
          "attributes": {
            "gateway_id": "",
            "id": "rtbassoc-0f9d02478576b7319",
            "route_table_id": "rtb-0dfbfedf15b14d04f",
            "subnet_id": "subnet-0e47fc47b20bbe96f",
            "timeouts": null
          },
          "sensitive_attributes": [],
          "private": "eyJlMmJmYjczMC1lY2FhLTExZTYtOGY4OC0zNDM2M2JjN2M0YzAiOnsiY3JlYXRlIjozMDAwMDAwMDAwMDAsImRlbGV0ZSI6MzAwMDAwMDAwMDAwLCJ1cGRhdGUiOjEyMDAwMDAwMDAwMH19",
          "dependencies": [
            "module.vpc.aws_internet_gateway.vpc_igw",
            "module.vpc.aws_route_table.vpc_rt",
            "module.vpc.aws_subnet.public_subnet_a",
            "module.vpc.aws_subnet.public_subnet_b",
            "module.vpc.aws_vpc.vpc"
          ]
        }
      ]
    },
    {
      "module": "module.vpc",
      "mode": "managed",
      "type": "aws_subnet",
      "name": "private_subnet_a_ec2",
      "provider": "provider[\"registry.terraform.io/hashicorp/aws\"]",
      "instances": [
        {
          "schema_version": 1,
          "attributes": {
            "arn": "arn:aws:ec2:eu-west-2:209959285864:subnet/subnet-0e149ac1b262e7b4c",
            "assign_ipv6_address_on_creation": false,
            "availability_zone": "eu-west-2a",
            "availability_zone_id": "euw2-az2",
            "cidr_block": "10.0.3.0/24",
            "customer_owned_ipv4_pool": "",
            "enable_dns64": false,
            "enable_lni_at_device_index": 0,
            "enable_resource_name_dns_a_record_on_launch": false,
            "enable_resource_name_dns_aaaa_record_on_launch": false,
            "id": "subnet-0e149ac1b262e7b4c",
            "ipv6_cidr_block": "",
            "ipv6_cidr_block_association_id": "",
            "ipv6_native": false,
            "map_customer_owned_ip_on_launch": false,
            "map_public_ip_on_launch": false,
            "outpost_arn": "",
            "owner_id": "209959285864",
            "private_dns_hostname_type_on_launch": "ip-name",
            "tags": {
              "Name": "Gitea-private-subnet-a-ec2"
            },
            "tags_all": {
              "Name": "Gitea-private-subnet-a-ec2"
            },
            "timeouts": null,
            "vpc_id": "vpc-0b7c0bda017970983"
          },
          "sensitive_attributes": [],
          "private": "eyJlMmJmYjczMC1lY2FhLTExZTYtOGY4OC0zNDM2M2JjN2M0YzAiOnsiY3JlYXRlIjo2MDAwMDAwMDAwMDAsImRlbGV0ZSI6MTIwMDAwMDAwMDAwMH0sInNjaGVtYV92ZXJzaW9uIjoiMSJ9",
          "dependencies": [
            "module.vpc.aws_vpc.vpc"
          ]
        }
      ]
    },
    {
      "module": "module.vpc",
      "mode": "managed",
      "type": "aws_subnet",
      "name": "private_subnet_a_rds",
      "provider": "provider[\"registry.terraform.io/hashicorp/aws\"]",
      "instances": [
        {
          "schema_version": 1,
          "attributes": {
            "arn": "arn:aws:ec2:eu-west-2:209959285864:subnet/subnet-0d01b6fb42ba1a83a",
            "assign_ipv6_address_on_creation": false,
            "availability_zone": "eu-west-2a",
            "availability_zone_id": "euw2-az2",
            "cidr_block": "10.0.5.0/24",
            "customer_owned_ipv4_pool": "",
            "enable_dns64": false,
            "enable_lni_at_device_index": 0,
            "enable_resource_name_dns_a_record_on_launch": false,
            "enable_resource_name_dns_aaaa_record_on_launch": false,
            "id": "subnet-0d01b6fb42ba1a83a",
            "ipv6_cidr_block": "",
            "ipv6_cidr_block_association_id": "",
            "ipv6_native": false,
            "map_customer_owned_ip_on_launch": false,
            "map_public_ip_on_launch": false,
            "outpost_arn": "",
            "owner_id": "209959285864",
            "private_dns_hostname_type_on_launch": "ip-name",
            "tags": {
              "Name": "Gitea-private-subnet-a-rds"
            },
            "tags_all": {
              "Name": "Gitea-private-subnet-a-rds"
            },
            "timeouts": null,
            "vpc_id": "vpc-0b7c0bda017970983"
          },
          "sensitive_attributes": [],
          "private": "eyJlMmJmYjczMC1lY2FhLTExZTYtOGY4OC0zNDM2M2JjN2M0YzAiOnsiY3JlYXRlIjo2MDAwMDAwMDAwMDAsImRlbGV0ZSI6MTIwMDAwMDAwMDAwMH0sInNjaGVtYV92ZXJzaW9uIjoiMSJ9",
          "dependencies": [
            "module.vpc.aws_vpc.vpc"
          ]
        }
      ]
    },
    {
      "module": "module.vpc",
      "mode": "managed",
      "type": "aws_subnet",
      "name": "private_subnet_b_ec2",
      "provider": "provider[\"registry.terraform.io/hashicorp/aws\"]",
      "instances": [
        {
          "schema_version": 1,
          "attributes": {
            "arn": "arn:aws:ec2:eu-west-2:209959285864:subnet/subnet-04a5543e214a993ae",
            "assign_ipv6_address_on_creation": false,
            "availability_zone": "eu-west-2b",
            "availability_zone_id": "euw2-az3",
            "cidr_block": "10.0.4.0/24",
            "customer_owned_ipv4_pool": "",
            "enable_dns64": false,
            "enable_lni_at_device_index": 0,
            "enable_resource_name_dns_a_record_on_launch": false,
            "enable_resource_name_dns_aaaa_record_on_launch": false,
            "id": "subnet-04a5543e214a993ae",
            "ipv6_cidr_block": "",
            "ipv6_cidr_block_association_id": "",
            "ipv6_native": false,
            "map_customer_owned_ip_on_launch": false,
            "map_public_ip_on_launch": false,
            "outpost_arn": "",
            "owner_id": "209959285864",
            "private_dns_hostname_type_on_launch": "ip-name",
            "tags": {
              "Name": "Gitea-private-subnet-b-ec2"
            },
            "tags_all": {
              "Name": "Gitea-private-subnet-b-ec2"
            },
            "timeouts": null,
            "vpc_id": "vpc-0b7c0bda017970983"
          },
          "sensitive_attributes": [],
          "private": "eyJlMmJmYjczMC1lY2FhLTExZTYtOGY4OC0zNDM2M2JjN2M0YzAiOnsiY3JlYXRlIjo2MDAwMDAwMDAwMDAsImRlbGV0ZSI6MTIwMDAwMDAwMDAwMH0sInNjaGVtYV92ZXJzaW9uIjoiMSJ9",
          "dependencies": [
            "module.vpc.aws_vpc.vpc"
          ]
        }
      ]
    },
    {
      "module": "module.vpc",
      "mode": "managed",
      "type": "aws_subnet",
      "name": "private_subnet_b_rds",
      "provider": "provider[\"registry.terraform.io/hashicorp/aws\"]",
      "instances": [
        {
          "schema_version": 1,
          "attributes": {
            "arn": "arn:aws:ec2:eu-west-2:209959285864:subnet/subnet-04f43651f7b9cb353",
            "assign_ipv6_address_on_creation": false,
            "availability_zone": "eu-west-2b",
            "availability_zone_id": "euw2-az3",
            "cidr_block": "10.0.6.0/24",
            "customer_owned_ipv4_pool": "",
            "enable_dns64": false,
            "enable_lni_at_device_index": 0,
            "enable_resource_name_dns_a_record_on_launch": false,
            "enable_resource_name_dns_aaaa_record_on_launch": false,
            "id": "subnet-04f43651f7b9cb353",
            "ipv6_cidr_block": "",
            "ipv6_cidr_block_association_id": "",
            "ipv6_native": false,
            "map_customer_owned_ip_on_launch": false,
            "map_public_ip_on_launch": false,
            "outpost_arn": "",
            "owner_id": "209959285864",
            "private_dns_hostname_type_on_launch": "ip-name",
            "tags": {
              "Name": "Gitea-private-subnet-b-rds"
            },
            "tags_all": {
              "Name": "Gitea-private-subnet-b-rds"
            },
            "timeouts": null,
            "vpc_id": "vpc-0b7c0bda017970983"
          },
          "sensitive_attributes": [],
          "private": "eyJlMmJmYjczMC1lY2FhLTExZTYtOGY4OC0zNDM2M2JjN2M0YzAiOnsiY3JlYXRlIjo2MDAwMDAwMDAwMDAsImRlbGV0ZSI6MTIwMDAwMDAwMDAwMH0sInNjaGVtYV92ZXJzaW9uIjoiMSJ9",
          "dependencies": [
            "module.vpc.aws_vpc.vpc"
          ]
        }
      ]
    },
    {
      "module": "module.vpc",
      "mode": "managed",
      "type": "aws_subnet",
      "name": "private_subnet_efs",
      "provider": "provider[\"registry.terraform.io/hashicorp/aws\"]",
      "instances": [
        {
          "schema_version": 1,
          "attributes": {
            "arn": "arn:aws:ec2:eu-west-2:209959285864:subnet/subnet-0fb0b5e7056a4d728",
            "assign_ipv6_address_on_creation": false,
            "availability_zone": "eu-west-2c",
            "availability_zone_id": "euw2-az1",
            "cidr_block": "10.0.7.0/24",
            "customer_owned_ipv4_pool": "",
            "enable_dns64": false,
            "enable_lni_at_device_index": 0,
            "enable_resource_name_dns_a_record_on_launch": false,
            "enable_resource_name_dns_aaaa_record_on_launch": false,
            "id": "subnet-0fb0b5e7056a4d728",
            "ipv6_cidr_block": "",
            "ipv6_cidr_block_association_id": "",
            "ipv6_native": false,
            "map_customer_owned_ip_on_launch": false,
            "map_public_ip_on_launch": false,
            "outpost_arn": "",
            "owner_id": "209959285864",
            "private_dns_hostname_type_on_launch": "ip-name",
            "tags": {
              "Name": "Gitea-private-subnet-efs"
            },
            "tags_all": {
              "Name": "Gitea-private-subnet-efs"
            },
            "timeouts": null,
            "vpc_id": "vpc-0b7c0bda017970983"
          },
          "sensitive_attributes": [],
          "private": "eyJlMmJmYjczMC1lY2FhLTExZTYtOGY4OC0zNDM2M2JjN2M0YzAiOnsiY3JlYXRlIjo2MDAwMDAwMDAwMDAsImRlbGV0ZSI6MTIwMDAwMDAwMDAwMH0sInNjaGVtYV92ZXJzaW9uIjoiMSJ9",
          "dependencies": [
            "module.vpc.aws_vpc.vpc"
          ]
        }
      ]
    },
    {
      "module": "module.vpc",
      "mode": "managed",
      "type": "aws_subnet",
      "name": "public_subnet_a",
      "provider": "provider[\"registry.terraform.io/hashicorp/aws\"]",
      "instances": [
        {
          "schema_version": 1,
          "attributes": {
            "arn": "arn:aws:ec2:eu-west-2:209959285864:subnet/subnet-08b495b03ddf8d706",
            "assign_ipv6_address_on_creation": false,
            "availability_zone": "eu-west-2a",
            "availability_zone_id": "euw2-az2",
            "cidr_block": "10.0.1.0/24",
            "customer_owned_ipv4_pool": "",
            "enable_dns64": false,
            "enable_lni_at_device_index": 0,
            "enable_resource_name_dns_a_record_on_launch": false,
            "enable_resource_name_dns_aaaa_record_on_launch": false,
            "id": "subnet-08b495b03ddf8d706",
            "ipv6_cidr_block": "",
            "ipv6_cidr_block_association_id": "",
            "ipv6_native": false,
            "map_customer_owned_ip_on_launch": false,
            "map_public_ip_on_launch": false,
            "outpost_arn": "",
            "owner_id": "209959285864",
            "private_dns_hostname_type_on_launch": "ip-name",
            "tags": {
              "Name": "Gitea-public-subnet-a"
            },
            "tags_all": {
              "Name": "Gitea-public-subnet-a"
            },
            "timeouts": null,
            "vpc_id": "vpc-0b7c0bda017970983"
          },
          "sensitive_attributes": [],
          "private": "eyJlMmJmYjczMC1lY2FhLTExZTYtOGY4OC0zNDM2M2JjN2M0YzAiOnsiY3JlYXRlIjo2MDAwMDAwMDAwMDAsImRlbGV0ZSI6MTIwMDAwMDAwMDAwMH0sInNjaGVtYV92ZXJzaW9uIjoiMSJ9",
          "dependencies": [
            "module.vpc.aws_vpc.vpc"
          ]
        }
      ]
    },
    {
      "module": "module.vpc",
      "mode": "managed",
      "type": "aws_subnet",
      "name": "public_subnet_b",
      "provider": "provider[\"registry.terraform.io/hashicorp/aws\"]",
      "instances": [
        {
          "schema_version": 1,
          "attributes": {
            "arn": "arn:aws:ec2:eu-west-2:209959285864:subnet/subnet-0e47fc47b20bbe96f",
            "assign_ipv6_address_on_creation": false,
            "availability_zone": "eu-west-2b",
            "availability_zone_id": "euw2-az3",
            "cidr_block": "10.0.2.0/24",
            "customer_owned_ipv4_pool": "",
            "enable_dns64": false,
            "enable_lni_at_device_index": 0,
            "enable_resource_name_dns_a_record_on_launch": false,
            "enable_resource_name_dns_aaaa_record_on_launch": false,
            "id": "subnet-0e47fc47b20bbe96f",
            "ipv6_cidr_block": "",
            "ipv6_cidr_block_association_id": "",
            "ipv6_native": false,
            "map_customer_owned_ip_on_launch": false,
            "map_public_ip_on_launch": false,
            "outpost_arn": "",
            "owner_id": "209959285864",
            "private_dns_hostname_type_on_launch": "ip-name",
            "tags": {
              "Name": "Gitea-public-subnet-b"
            },
            "tags_all": {
              "Name": "Gitea-public-subnet-b"
            },
            "timeouts": null,
            "vpc_id": "vpc-0b7c0bda017970983"
          },
          "sensitive_attributes": [],
          "private": "eyJlMmJmYjczMC1lY2FhLTExZTYtOGY4OC0zNDM2M2JjN2M0YzAiOnsiY3JlYXRlIjo2MDAwMDAwMDAwMDAsImRlbGV0ZSI6MTIwMDAwMDAwMDAwMH0sInNjaGVtYV92ZXJzaW9uIjoiMSJ9",
          "dependencies": [
            "module.vpc.aws_vpc.vpc"
          ]
        }
      ]
    },
    {
      "module": "module.vpc",
      "mode": "managed",
      "type": "aws_vpc",
      "name": "vpc",
      "provider": "provider[\"registry.terraform.io/hashicorp/aws\"]",
      "instances": [
        {
          "schema_version": 1,
          "attributes": {
            "arn": "arn:aws:ec2:eu-west-2:209959285864:vpc/vpc-0b7c0bda017970983",
            "assign_generated_ipv6_cidr_block": false,
            "cidr_block": "10.0.0.0/16",
            "default_network_acl_id": "acl-0e3338d5ccb66ee3a",
            "default_route_table_id": "rtb-09eb2ef84df6bf7d1",
            "default_security_group_id": "sg-0490ac9085fac8dc9",
            "dhcp_options_id": "dopt-08d25ca73667f3020",
            "enable_dns_hostnames": true,
            "enable_dns_support": true,
            "enable_network_address_usage_metrics": false,
            "id": "vpc-0b7c0bda017970983",
            "instance_tenancy": "default",
            "ipv4_ipam_pool_id": null,
            "ipv4_netmask_length": null,
            "ipv6_association_id": "",
            "ipv6_cidr_block": "",
            "ipv6_cidr_block_network_border_group": "",
            "ipv6_ipam_pool_id": "",
            "ipv6_netmask_length": 0,
            "main_route_table_id": "rtb-09eb2ef84df6bf7d1",
            "owner_id": "209959285864",
            "tags": {
              "Name": "Gitea-vpc"
            },
            "tags_all": {
              "Name": "Gitea-vpc"
            }
          },
          "sensitive_attributes": [],
          "private": "eyJzY2hlbWFfdmVyc2lvbiI6IjEifQ=="
        }
      ]
    }
  ],
  "check_results": null
}
