name: cron-lock

on:
  schedule:
#    - cron: "0 0 * * *" # every day at 00:00 UTC
     - cron: "0 0 1 1 *" #At 00:00 on day-of-month 1 in January.

  workflow_dispatch:

permissions:
  issues: write
  pull-requests: write

concurrency:
  group: lock

jobs:
  action:
    runs-on: ubuntu-latest
    if: github.repository == 'go-gitea/gitea'
    steps:
      - uses: dessant/lock-threads@v5
        with:
          issue-inactive-days: 45
